// !$*UTF8*$!
{
	archiveVersion = 1;
	classes = {
	};
	objectVersion = 46;
	objects = {

/* Begin PBXBuildFile section */
		03530A6814F0985B002E9A5E /* Cocoa.framework in Frameworks */ = {isa = PBXBuildFile; fileRef = 03530A6714F0985A002E9A5E /* Cocoa.framework */; };
		03530A7214F0985B002E9A5E /* InfoPlist.strings in Resources */ = {isa = PBXBuildFile; fileRef = 03530A7014F0985B002E9A5E /* InfoPlist.strings */; };
		03530C0114F09DC4002E9A5E /* ActionMouseUp.m in Sources */ = {isa = PBXBuildFile; fileRef = 03530C0014F09DC4002E9A5E /* ActionMouseUp.m */; };
		03530C0314F09DF6002E9A5E /* RSTrixiePlugin.framework in Frameworks */ = {isa = PBXBuildFile; fileRef = 03530C0214F09DF6002E9A5E /* RSTrixiePlugin.framework */; };
		03530C0514F09DFF002E9A5E /* ActionMouseUp.h in Headers */ = {isa = PBXBuildFile; fileRef = 03530BFF14F09DC4002E9A5E /* ActionMouseUp.h */; settings = {ATTRIBUTES = (Public, ); }; };
		03530C2814F0A1E4002E9A5E /* ActionMouseUp.xib in Resources */ = {isa = PBXBuildFile; fileRef = 03530C2714F0A1E4002E9A5E /* ActionMouseUp.xib */; };
/* End PBXBuildFile section */

/* Begin PBXFileReference section */
		03530A6414F0985A002E9A5E /* ActionMouseUp.bundle */ = {isa = PBXFileReference; explicitFileType = wrapper.cfbundle; includeInIndex = 0; path = ActionMouseUp.bundle; sourceTree = BUILT_PRODUCTS_DIR; };
		03530A6714F0985A002E9A5E /* Cocoa.framework */ = {isa = PBXFileReference; lastKnownFileType = wrapper.framework; name = Cocoa.framework; path = System/Library/Frameworks/Cocoa.framework; sourceTree = SDKROOT; };
		03530A6A14F0985B002E9A5E /* AppKit.framework */ = {isa = PBXFileReference; lastKnownFileType = wrapper.framework; name = AppKit.framework; path = System/Library/Frameworks/AppKit.framework; sourceTree = SDKROOT; };
		03530A6B14F0985B002E9A5E /* CoreData.framework */ = {isa = PBXFileReference; lastKnownFileType = wrapper.framework; name = CoreData.framework; path = System/Library/Frameworks/CoreData.framework; sourceTree = SDKROOT; };
		03530A6C14F0985B002E9A5E /* Foundation.framework */ = {isa = PBXFileReference; lastKnownFileType = wrapper.framework; name = Foundation.framework; path = System/Library/Frameworks/Foundation.framework; sourceTree = SDKROOT; };
		03530A6F14F0985B002E9A5E /* ActionMouseUp-Info.plist */ = {isa = PBXFileReference; lastKnownFileType = text.plist.xml; path = "ActionMouseUp-Info.plist"; sourceTree = "<group>"; };
		03530A7114F0985B002E9A5E /* en */ = {isa = PBXFileReference; lastKnownFileType = text.plist.strings; name = en; path = en.lproj/InfoPlist.strings; sourceTree = "<group>"; };
		03530A7314F0985B002E9A5E /* ActionMouseUp-Prefix.pch */ = {isa = PBXFileReference; lastKnownFileType = sourcecode.c.h; path = "ActionMouseUp-Prefix.pch"; sourceTree = "<group>"; };
		03530BFF14F09DC4002E9A5E /* ActionMouseUp.h */ = {isa = PBXFileReference; fileEncoding = 4; lastKnownFileType = sourcecode.c.h; path = ActionMouseUp.h; sourceTree = "<group>"; };
		03530C0014F09DC4002E9A5E /* ActionMouseUp.m */ = {isa = PBXFileReference; fileEncoding = 4; lastKnownFileType = sourcecode.c.objc; path = ActionMouseUp.m; sourceTree = "<group>"; };
		03530C0214F09DF6002E9A5E /* RSTrixiePlugin.framework */ = {isa = PBXFileReference; lastKnownFileType = wrapper.framework; name = RSTrixiePlugin.framework; path = "../../../../Library/Developer/Xcode/DerivedData/Workspace_Trixie-axnfrbtrkoszpiehooyethumxqxg/Build/Products/Debug/RSTrixiePlugin.framework"; sourceTree = "<group>"; };
		03530C2714F0A1E4002E9A5E /* ActionMouseUp.xib */ = {isa = PBXFileReference; fileEncoding = 4; lastKnownFileType = file.xib; path = ActionMouseUp.xib; sourceTree = "<group>"; };
/* End PBXFileReference section */

/* Begin PBXFrameworksBuildPhase section */
		03530A6114F0985A002E9A5E /* Frameworks */ = {
			isa = PBXFrameworksBuildPhase;
			buildActionMask = 2147483647;
			files = (
				03530C0314F09DF6002E9A5E /* RSTrixiePlugin.framework in Frameworks */,
				03530A6814F0985B002E9A5E /* Cocoa.framework in Frameworks */,
			);
			runOnlyForDeploymentPostprocessing = 0;
		};
/* End PBXFrameworksBuildPhase section */

/* Begin PBXGroup section */
		03530A5914F0985A002E9A5E = {
			isa = PBXGroup;
			children = (
				03530A6D14F0985B002E9A5E /* ActionMouseUp */,
				03530A6E14F0985B002E9A5E /* Supporting Files */,
				03530A6614F0985A002E9A5E /* Frameworks */,
				03530A6514F0985A002E9A5E /* Products */,
			);
			sourceTree = "<group>";
		};
		03530A6514F0985A002E9A5E /* Products */ = {
			isa = PBXGroup;
			children = (
				03530A6414F0985A002E9A5E /* ActionMouseUp.bundle */,
			);
			name = Products;
			sourceTree = "<group>";
		};
		03530A6614F0985A002E9A5E /* Frameworks */ = {
			isa = PBXGroup;
			children = (
				03530C0214F09DF6002E9A5E /* RSTrixiePlugin.framework */,
				03530A6714F0985A002E9A5E /* Cocoa.framework */,
				03530A6914F0985B002E9A5E /* Other Frameworks */,
			);
			name = Frameworks;
			sourceTree = "<group>";
		};
		03530A6914F0985B002E9A5E /* Other Frameworks */ = {
			isa = PBXGroup;
			children = (
				03530A6A14F0985B002E9A5E /* AppKit.framework */,
				03530A6B14F0985B002E9A5E /* CoreData.framework */,
				03530A6C14F0985B002E9A5E /* Foundation.framework */,
			);
			name = "Other Frameworks";
			sourceTree = "<group>";
		};
		03530A6D14F0985B002E9A5E /* ActionMouseUp */ = {
			isa = PBXGroup;
			children = (
				03530BFF14F09DC4002E9A5E /* ActionMouseUp.h */,
				03530C0014F09DC4002E9A5E /* ActionMouseUp.m */,
				03530C2714F0A1E4002E9A5E /* ActionMouseUp.xib */,
			);
			path = ActionMouseUp;
			sourceTree = "<group>";
		};
		03530A6E14F0985B002E9A5E /* Supporting Files */ = {
			isa = PBXGroup;
			children = (
				03530A6F14F0985B002E9A5E /* ActionMouseUp-Info.plist */,
				03530A7014F0985B002E9A5E /* InfoPlist.strings */,
				03530A7314F0985B002E9A5E /* ActionMouseUp-Prefix.pch */,
			);
			name = "Supporting Files";
			path = ActionMouseUp;
			sourceTree = "<group>";
		};
/* End PBXGroup section */

/* Begin PBXHeadersBuildPhase section */
		03530C0414F09DFA002E9A5E /* Headers */ = {
			isa = PBXHeadersBuildPhase;
			buildActionMask = 2147483647;
			files = (
				03530C0514F09DFF002E9A5E /* ActionMouseUp.h in Headers */,
			);
			runOnlyForDeploymentPostprocessing = 0;
		};
/* End PBXHeadersBuildPhase section */

/* Begin PBXNativeTarget section */
		03530A6314F0985A002E9A5E /* ActionMouseUp */ = {
			isa = PBXNativeTarget;
			buildConfigurationList = 03530A7614F0985B002E9A5E /* Build configuration list for PBXNativeTarget "ActionMouseUp" */;
			buildPhases = (
				03530A6014F0985A002E9A5E /* Sources */,
				03530A6114F0985A002E9A5E /* Frameworks */,
				03530A6214F0985A002E9A5E /* Resources */,
				03530C0414F09DFA002E9A5E /* Headers */,
			);
			buildRules = (
			);
			dependencies = (
			);
			name = ActionMouseUp;
			productName = ActionMouseUp;
			productReference = 03530A6414F0985A002E9A5E /* ActionMouseUp.bundle */;
			productType = "com.apple.product-type.bundle";
		};
/* End PBXNativeTarget section */

/* Begin PBXProject section */
		03530A5B14F0985A002E9A5E /* Project object */ = {
			isa = PBXProject;
			attributes = {
				LastUpgradeCheck = 0420;
				ORGANIZATIONNAME = "Roaring Sky";
			};
			buildConfigurationList = 03530A5E14F0985A002E9A5E /* Build configuration list for PBXProject "ActionMouseUp" */;
			compatibilityVersion = "Xcode 3.2";
			developmentRegion = English;
			hasScannedForEncodings = 0;
			knownRegions = (
				en,
			);
			mainGroup = 03530A5914F0985A002E9A5E;
			productRefGroup = 03530A6514F0985A002E9A5E /* Products */;
			projectDirPath = "";
			projectRoot = "";
			targets = (
				03530A6314F0985A002E9A5E /* ActionMouseUp */,
			);
		};
/* End PBXProject section */

/* Begin PBXResourcesBuildPhase section */
		03530A6214F0985A002E9A5E /* Resources */ = {
			isa = PBXResourcesBuildPhase;
			buildActionMask = 2147483647;
			files = (
				03530A7214F0985B002E9A5E /* InfoPlist.strings in Resources */,
				03530C2814F0A1E4002E9A5E /* ActionMouseUp.xib in Resources */,
			);
			runOnlyForDeploymentPostprocessing = 0;
		};
/* End PBXResourcesBuildPhase section */

/* Begin PBXSourcesBuildPhase section */
		03530A6014F0985A002E9A5E /* Sources */ = {
			isa = PBXSourcesBuildPhase;
			buildActionMask = 2147483647;
			files = (
				03530C0114F09DC4002E9A5E /* ActionMouseUp.m in Sources */,
			);
			runOnlyForDeploymentPostprocessing = 0;
		};
/* End PBXSourcesBuildPhase section */

/* Begin PBXVariantGroup section */
		03530A7014F0985B002E9A5E /* InfoPlist.strings */ = {
			isa = PBXVariantGroup;
			children = (
				03530A7114F0985B002E9A5E /* en */,
			);
			name = InfoPlist.strings;
			sourceTree = "<group>";
		};
/* End PBXVariantGroup section */

/* Begin XCBuildConfiguration section */
		03530A7414F0985B002E9A5E /* Debug */ = {
			isa = XCBuildConfiguration;
			buildSettings = {
				ALWAYS_SEARCH_USER_PATHS = NO;
				ARCHS = "$(ARCHS_STANDARD_64_BIT)";
				CLANG_ENABLE_OBJC_ARC = YES;
				COPY_PHASE_STRIP = NO;
				GCC_C_LANGUAGE_STANDARD = gnu99;
				GCC_DYNAMIC_NO_PIC = NO;
				GCC_ENABLE_OBJC_EXCEPTIONS = YES;
				GCC_OPTIMIZATION_LEVEL = 0;
				GCC_PREPROCESSOR_DEFINITIONS = (
					"DEBUG=1",
					"$(inherited)",
				);
				GCC_SYMBOLS_PRIVATE_EXTERN = NO;
				GCC_VERSION = com.apple.compilers.llvm.clang.1_0;
				GCC_WARN_64_TO_32_BIT_CONVERSION = YES;
				GCC_WARN_ABOUT_MISSING_PROTOTYPES = YES;
				GCC_WARN_ABOUT_RETURN_TYPE = YES;
				GCC_WARN_UNUSED_VARIABLE = YES;
				MACOSX_DEPLOYMENT_TARGET = 10.7;
				ONLY_ACTIVE_ARCH = YES;
				SDKROOT = macosx;
			};
			name = Debug;
		};
		03530A7514F0985B002E9A5E /* Release */ = {
			isa = XCBuildConfiguration;
			buildSettings = {
				ALWAYS_SEARCH_USER_PATHS = NO;
				ARCHS = "$(ARCHS_STANDARD_64_BIT)";
				CLANG_ENABLE_OBJC_ARC = YES;
				COPY_PHASE_STRIP = YES;
				DEBUG_INFORMATION_FORMAT = "dwarf-with-dsym";
				GCC_C_LANGUAGE_STANDARD = gnu99;
				GCC_ENABLE_OBJC_EXCEPTIONS = YES;
				GCC_VERSION = com.apple.compilers.llvm.clang.1_0;
				GCC_WARN_64_TO_32_BIT_CONVERSION = YES;
				GCC_WARN_ABOUT_MISSING_PROTOTYPES = YES;
				GCC_WARN_ABOUT_RETURN_TYPE = YES;
				GCC_WARN_UNUSED_VARIABLE = YES;
				MACOSX_DEPLOYMENT_TARGET = 10.7;
				SDKROOT = macosx;
			};
			name = Release;
		};
		03530A7714F0985B002E9A5E /* Debug */ = {
			isa = XCBuildConfiguration;
			buildSettings = {
				FRAMEWORK_SEARCH_PATHS = (
					"~/Code/Workspaces/Trixie/RSTrixiePlugin/RSTrixiePlugin",
					"\"$(SRCROOT)/../../../../Library/Developer/Xcode/DerivedData/Workspace_Trixie-axnfrbtrkoszpiehooyethumxqxg/Build/Products/Debug\"",
				);
				GCC_PRECOMPILE_PREFIX_HEADER = YES;
				GCC_PREFIX_HEADER = "ActionMouseUp/ActionMouseUp-Prefix.pch";
				INFOPLIST_FILE = "ActionMouseUp/ActionMouseUp-Info.plist";
				INSTALL_PATH = "@executable_path/../Plugins";
				LD_RUNPATH_SEARCH_PATHS = "@executable_path/../Frameworks";
				PRODUCT_NAME = "$(TARGET_NAME)";
				WRAPPER_EXTENSION = bundle;
			};
			name = Debug;
		};
		03530A7814F0985B002E9A5E /* Release */ = {
			isa = XCBuildConfiguration;
			buildSettings = {
				FRAMEWORK_SEARCH_PATHS = (
					"~/Code/Workspaces/Trixie/RSTrixiePlugin/RSTrixiePlugin",
					"\"$(SRCROOT)/../../../../Library/Developer/Xcode/DerivedData/Workspace_Trixie-axnfrbtrkoszpiehooyethumxqxg/Build/Products/Debug\"",
				);
				GCC_PRECOMPILE_PREFIX_HEADER = YES;
				GCC_PREFIX_HEADER = "ActionMouseUp/ActionMouseUp-Prefix.pch";
				INFOPLIST_FILE = "ActionMouseUp/ActionMouseUp-Info.plist";
				INSTALL_PATH = "@executable_path/../Plugins";
				LD_RUNPATH_SEARCH_PATHS = "@executable_path/../Frameworks";
				PRODUCT_NAME = "$(TARGET_NAME)";
				WRAPPER_EXTENSION = bundle;
			};
			name = Release;
		};
/* End XCBuildConfiguration section */

/* Begin XCConfigurationList section */
		03530A5E14F0985A002E9A5E /* Build configuration list for PBXProject "ActionMouseUp" */ = {
			isa = XCConfigurationList;
			buildConfigurations = (
				03530A7414F0985B002E9A5E /* Debug */,
				03530A7514F0985B002E9A5E /* Release */,
			);
			defaultConfigurationIsVisible = 0;
			defaultConfigurationName = Release;
		};
		03530A7614F0985B002E9A5E /* Build configuration list for PBXNativeTarget "ActionMouseUp" */ = {
			isa = XCConfigurationList;
			buildConfigurations = (
				03530A7714F0985B002E9A5E /* Debug */,
				03530A7814F0985B002E9A5E /* Release */,
			);
			defaultConfigurationIsVisible = 0;
			defaultConfigurationName = Release;
		};
/* End XCConfigurationList section */
	};
	rootObject = 03530A5B14F0985A002E9A5E /* Project object */;
}
